dependencies:
- name: account-service
  repository: file://charts/account-service
  version: 0.1.2
- name: audit-service
  repository: file://charts/audit-service
  version: 0.1.2
- name: cash-service
  repository: file://charts/cash-service
  version: 0.1.2
- name: dictionaries-service
  repository: file://charts/dictionaries-service
  version: 0.1.2
- name: exchange-service
  repository: file://charts/exchange-service
  version: 0.1.2
- name: front-ui
  repository: file://charts/front-ui
  version: 0.1.2
- name: notification-service
  repository: file://charts/notification-service
  version: 0.1.2
- name: transfer-service
  repository: file://charts/transfer-service
  version: 0.1.2
- name: postgresql
  repository: https://charts.bitnami.com/bitnami
  version: 14.2.3
- name: keycloak
  repository: https://charts.bitnami.com/bitnami
  version: 24.7.3
digest: sha256:3ea638b7421eec146a0ad837a9e2ddbac08ce41e696cc55965636b022a239b03
generated: "2025-07-10T23:19:17.289301206+03:00"
